
Microsoft Visual Studio Solution File, Format Version 12.00
# Visual Studio Version 17
VisualStudioVersion = 17.7.34024.191
MinimumVisualStudioVersion = 10.0.40219.1
Project("{9A19103F-16F7-4668-BE54-9A1E7A4F7556}") = "AspCourse_Console", "AspCourse_Console\AspCourse_Console.csproj", "{11447CF5-51E0-493C-9731-B915D7E81518}"
EndProject
Project("{9A19103F-16F7-4668-BE54-9A1E7A4F7556}") = "Lesson4_HW2", "Lesson4_HW2\Lesson4_HW2.csproj", "{A9E038D2-8DC6-4D34-BB6E-0360D51B55D5}"
EndProject
Project("{9A19103F-16F7-4668-BE54-9A1E7A4F7556}") = "Lesson5_calculator", "Lesson5\Lesson5_calculator.csproj", "{75E44507-CD24-4A3A-A042-69075E03E5A5}"
EndProject
Project("{9A19103F-16F7-4668-BE54-9A1E7A4F7556}") = "Try", "Try\Try.csproj", "{F7E4B875-3942-4703-B100-999A6905C0A1}"
EndProject
Project("{9A19103F-16F7-4668-BE54-9A1E7A4F7556}") = "Lesson6", "Lesson6\Lesson6.csproj", "{B07378B6-9150-4DE5-825F-3D60079683A7}"
EndProject
Project("{9A19103F-16F7-4668-BE54-9A1E7A4F7556}") = "Lesson7", "Lesson7\Lesson7.csproj", "{065835AC-2FE2-45B8-BA05-CF58C5D38162}"
EndProject
Project("{9A19103F-16F7-4668-BE54-9A1E7A4F7556}") = "Lesson8", "Lesson8\Lesson8.csproj", "{75BBD42C-E896-4196-9573-F20644536267}"
EndProject
Project("{9A19103F-16F7-4668-BE54-9A1E7A4F7556}") = "Lesson10_HM5", "Lesson10_HM5\Lesson10_HM5.csproj", "{1C912ADF-12D6-49D0-A32B-63966751D9F2}"
EndProject
Project("{9A19103F-16F7-4668-BE54-9A1E7A4F7556}") = "Lesson13", "Lesson13\Lesson13.csproj", "{0FF57C64-BAFB-4958-AAC1-BACC47214168}"
EndProject
Project("{FAE04EC0-301F-11D3-BF4B-00C04F79EFBC}") = "Lesson14", "Lesson14\Lesson14.csproj", "{B73C8BEE-C931-418E-A59F-059E00781BC2}"
EndProject
Global
	GlobalSection(SolutionConfigurationPlatforms) = preSolution
		Debug|Any CPU = Debug|Any CPU
		Release|Any CPU = Release|Any CPU
	EndGlobalSection
	GlobalSection(ProjectConfigurationPlatforms) = postSolution
		{11447CF5-51E0-493C-9731-B915D7E81518}.Debug|Any CPU.ActiveCfg = Debug|Any CPU
		{11447CF5-51E0-493C-9731-B915D7E81518}.Debug|Any CPU.Build.0 = Debug|Any CPU
		{11447CF5-51E0-493C-9731-B915D7E81518}.Release|Any CPU.ActiveCfg = Release|Any CPU
		{11447CF5-51E0-493C-9731-B915D7E81518}.Release|Any CPU.Build.0 = Release|Any CPU
		{A9E038D2-8DC6-4D34-BB6E-0360D51B55D5}.Debug|Any CPU.ActiveCfg = Debug|Any CPU
		{A9E038D2-8DC6-4D34-BB6E-0360D51B55D5}.Debug|Any CPU.Build.0 = Debug|Any CPU
		{A9E038D2-8DC6-4D34-BB6E-0360D51B55D5}.Release|Any CPU.ActiveCfg = Release|Any CPU
		{A9E038D2-8DC6-4D34-BB6E-0360D51B55D5}.Release|Any CPU.Build.0 = Release|Any CPU
		{75E44507-CD24-4A3A-A042-69075E03E5A5}.Debug|Any CPU.ActiveCfg = Debug|Any CPU
		{75E44507-CD24-4A3A-A042-69075E03E5A5}.Debug|Any CPU.Build.0 = Debug|Any CPU
		{75E44507-CD24-4A3A-A042-69075E03E5A5}.Release|Any CPU.ActiveCfg = Release|Any CPU
		{75E44507-CD24-4A3A-A042-69075E03E5A5}.Release|Any CPU.Build.0 = Release|Any CPU
		{F7E4B875-3942-4703-B100-999A6905C0A1}.Debug|Any CPU.ActiveCfg = Debug|Any CPU
		{F7E4B875-3942-4703-B100-999A6905C0A1}.Debug|Any CPU.Build.0 = Debug|Any CPU
		{F7E4B875-3942-4703-B100-999A6905C0A1}.Release|Any CPU.ActiveCfg = Release|Any CPU
		{F7E4B875-3942-4703-B100-999A6905C0A1}.Release|Any CPU.Build.0 = Release|Any CPU
		{B07378B6-9150-4DE5-825F-3D60079683A7}.Debug|Any CPU.ActiveCfg = Debug|Any CPU
		{B07378B6-9150-4DE5-825F-3D60079683A7}.Debug|Any CPU.Build.0 = Debug|Any CPU
		{B07378B6-9150-4DE5-825F-3D60079683A7}.Release|Any CPU.ActiveCfg = Release|Any CPU
		{B07378B6-9150-4DE5-825F-3D60079683A7}.Release|Any CPU.Build.0 = Release|Any CPU
		{065835AC-2FE2-45B8-BA05-CF58C5D38162}.Debug|Any CPU.ActiveCfg = Debug|Any CPU
		{065835AC-2FE2-45B8-BA05-CF58C5D38162}.Debug|Any CPU.Build.0 = Debug|Any CPU
		{065835AC-2FE2-45B8-BA05-CF58C5D38162}.Release|Any CPU.ActiveCfg = Release|Any CPU
		{065835AC-2FE2-45B8-BA05-CF58C5D38162}.Release|Any CPU.Build.0 = Release|Any CPU
		{75BBD42C-E896-4196-9573-F20644536267}.Debug|Any CPU.ActiveCfg = Debug|Any CPU
		{75BBD42C-E896-4196-9573-F20644536267}.Debug|Any CPU.Build.0 = Debug|Any CPU
		{75BBD42C-E896-4196-9573-F20644536267}.Release|Any CPU.ActiveCfg = Release|Any CPU
		{75BBD42C-E896-4196-9573-F20644536267}.Release|Any CPU.Build.0 = Release|Any CPU
		{1C912ADF-12D6-49D0-A32B-63966751D9F2}.Debug|Any CPU.ActiveCfg = Debug|Any CPU
		{1C912ADF-12D6-49D0-A32B-63966751D9F2}.Debug|Any CPU.Build.0 = Debug|Any CPU
		{1C912ADF-12D6-49D0-A32B-63966751D9F2}.Release|Any CPU.ActiveCfg = Release|Any CPU
		{1C912ADF-12D6-49D0-A32B-63966751D9F2}.Release|Any CPU.Build.0 = Release|Any CPU
		{0FF57C64-BAFB-4958-AAC1-BACC47214168}.Debug|Any CPU.ActiveCfg = Debug|Any CPU
		{0FF57C64-BAFB-4958-AAC1-BACC47214168}.Debug|Any CPU.Build.0 = Debug|Any CPU
		{0FF57C64-BAFB-4958-AAC1-BACC47214168}.Release|Any CPU.ActiveCfg = Release|Any CPU
		{0FF57C64-BAFB-4958-AAC1-BACC47214168}.Release|Any CPU.Build.0 = Release|Any CPU
		{B73C8BEE-C931-418E-A59F-059E00781BC2}.Debug|Any CPU.ActiveCfg = Debug|Any CPU
		{B73C8BEE-C931-418E-A59F-059E00781BC2}.Debug|Any CPU.Build.0 = Debug|Any CPU
		{B73C8BEE-C931-418E-A59F-059E00781BC2}.Release|Any CPU.ActiveCfg = Release|Any CPU
		{B73C8BEE-C931-418E-A59F-059E00781BC2}.Release|Any CPU.Build.0 = Release|Any CPU
	EndGlobalSection
	GlobalSection(SolutionProperties) = preSolution
		HideSolutionNode = FALSE
	EndGlobalSection
	GlobalSection(ExtensibilityGlobals) = postSolution
		SolutionGuid = {82ABE206-C711-4997-92A6-5C662B417AA2}
	EndGlobalSection
EndGlobal
